
Microsoft Visual Studio Solution File, Format Version 12.00
# Visual Studio Version 16
VisualStudioVersion = 16.0.29418.71
MinimumVisualStudioVersion = 10.0.40219.1
Project("{FAE04EC0-301F-11D3-BF4B-00C04F79EFBC}") = "ConsoleApp2", "ConsoleApp2\ConsoleApp2.csproj", "{F771F2E7-E324-4349-9BFC-7ED19FAE116E}"
EndProject
Global
	GlobalSection(SolutionConfigurationPlatforms) = preSolution
		Debug|Any CPU = Debug|Any CPU
		Release|Any CPU = Release|Any CPU
	EndGlobalSection
	GlobalSection(ProjectConfigurationPlatforms) = postSolution
		{F771F2E7-E324-4349-9BFC-7ED19FAE116E}.Debug|Any CPU.ActiveCfg = Debug|Any CPU
		{F771F2E7-E324-4349-9BFC-7ED19FAE116E}.Debug|Any CPU.Build.0 = Debug|Any CPU
		{F771F2E7-E324-4349-9BFC-7ED19FAE116E}.Release|Any CPU.ActiveCfg = Release|Any CPU
		{F771F2E7-E324-4349-9BFC-7ED19FAE116E}.Release|Any CPU.Build.0 = Release|Any CPU
	EndGlobalSection
	GlobalSection(SolutionProperties) = preSolution
		HideSolutionNode = FALSE
	EndGlobalSection
	GlobalSection(ExtensibilityGlobals) = postSolution
		SolutionGuid = {01DCE23D-AAA3-47D1-A109-31FEDF83327D}
	EndGlobalSection
EndGlobal
